
Microsoft Visual Studio Solution File, Format Version 12.00
# Visual Studio Version 17
VisualStudioVersion = 17.0.31903.59
MinimumVisualStudioVersion = 10.0.40219.1
Project("{FAE04EC0-301F-11D3-BF4B-00C04F79EFBC}") = "NumberGuesser", "NumberGuesser\NumberGuesser.csproj", "{DA22ADA0-9DA9-4001-B2C9-1D1B2D2C09EB}"
EndProject
Project("{FAE04EC0-301F-11D3-BF4B-00C04F79EFBC}") = "NumberGuesser.Tests", "NumberGuesser.Tests\NumberGuesser.Tests.csproj", "{BF915969-E912-4F84-8707-CB4BF54E9783}"
EndProject
Global
	GlobalSection(SolutionConfigurationPlatforms) = preSolution
		Debug|Any CPU = Debug|Any CPU
		Release|Any CPU = Release|Any CPU
	EndGlobalSection
	GlobalSection(SolutionProperties) = preSolution
		HideSolutionNode = FALSE
	EndGlobalSection
	GlobalSection(ProjectConfigurationPlatforms) = postSolution
		{DA22ADA0-9DA9-4001-B2C9-1D1B2D2C09EB}.Debug|Any CPU.ActiveCfg = Debug|Any CPU
		{DA22ADA0-9DA9-4001-B2C9-1D1B2D2C09EB}.Debug|Any CPU.Build.0 = Debug|Any CPU
		{DA22ADA0-9DA9-4001-B2C9-1D1B2D2C09EB}.Release|Any CPU.ActiveCfg = Release|Any CPU
		{DA22ADA0-9DA9-4001-B2C9-1D1B2D2C09EB}.Release|Any CPU.Build.0 = Release|Any CPU
		{BF915969-E912-4F84-8707-CB4BF54E9783}.Debug|Any CPU.ActiveCfg = Debug|Any CPU
		{BF915969-E912-4F84-8707-CB4BF54E9783}.Debug|Any CPU.Build.0 = Debug|Any CPU
		{BF915969-E912-4F84-8707-CB4BF54E9783}.Release|Any CPU.ActiveCfg = Release|Any CPU
		{BF915969-E912-4F84-8707-CB4BF54E9783}.Release|Any CPU.Build.0 = Release|Any CPU
	EndGlobalSection
EndGlobal
